
Microsoft Visual Studio Solution File, Format Version 12.00
# Visual Studio Version 18
VisualStudioVersion = 18.2.11415.280 d18.0
MinimumVisualStudioVersion = 10.0.40219.1
Project("{2150E333-8FDC-42A3-9474-1A3956D46DE8}") = "Eve.Frontend", "Eve.Frontend", "{E676164E-71CD-4246-9937-82ADF7E253FF}"
EndProject
Project("{2150E333-8FDC-42A3-9474-1A3956D46DE8}") = "Eve.Backend", "Eve.Backend", "{1A938D54-DDC9-493B-B41C-4F30C6472C19}"
EndProject
Project("{FAE04EC0-301F-11D3-BF4B-00C04F79EFBC}") = "Eve.API", "Eve.Backend\Eve.API\Eve.API.csproj", "{B0259B3D-2C7C-41B4-B2AC-F6C9D903F82E}"
EndProject
Project("{2150E333-8FDC-42A3-9474-1A3956D46DE8}") = "Modules", "Modules", "{F73C69BC-AB92-4C53-A54C-EFBB21B02DDF}"
EndProject
Project("{2150E333-8FDC-42A3-9474-1A3956D46DE8}") = "Users", "Users", "{E90B23D6-1707-4DA9-8197-16F795F815C4}"
EndProject
Project("{2150E333-8FDC-42A3-9474-1A3956D46DE8}") = "Groups", "Groups", "{3E863CAA-180F-4647-968F-649FBF3C3192}"
EndProject
Project("{FAE04EC0-301F-11D3-BF4B-00C04F79EFBC}") = "GroupsControllers", "Eve.Backend\Modules\Groups\Controllers\GroupsControllers.csproj", "{DE7F9546-E957-4EF0-8950-6D3DC67FEE3F}"
EndProject
Project("{FAE04EC0-301F-11D3-BF4B-00C04F79EFBC}") = "Application", "Eve.Backend\Modules\Groups\Application\Application.csproj", "{273CE5F0-77FA-47A9-859B-5291039DEB95}"
EndProject
Project("{FAE04EC0-301F-11D3-BF4B-00C04F79EFBC}") = "Infrastructure", "Eve.Backend\Modules\Groups\Infrastructure\Infrastructure.csproj", "{23846DAE-8802-4848-95B7-3697655D4E6C}"
EndProject
Project("{FAE04EC0-301F-11D3-BF4B-00C04F79EFBC}") = "Domain", "Eve.Backend\Modules\Groups\Domain\Domain.csproj", "{9BC7B439-D55A-4235-9E5E-993CF2F53DA3}"
EndProject
Project("{2150E333-8FDC-42A3-9474-1A3956D46DE8}") = "Shared", "Shared", "{6C4D419E-47B5-412D-9F27-8A06BB8D7491}"
EndProject
Project("{FAE04EC0-301F-11D3-BF4B-00C04F79EFBC}") = "Users.Application", "Eve.Backend\Modules\Users\Users.Application\Users.Application.csproj", "{5112DC9F-35CF-9A67-47C6-6B396DD6F7C8}"
EndProject
Project("{FAE04EC0-301F-11D3-BF4B-00C04F79EFBC}") = "Users.Controllers", "Eve.Backend\Modules\Users\Users.Controllers\Users.Controllers.csproj", "{4DD6F46D-9809-1D64-1246-F8E54F281DBC}"
EndProject
Project("{FAE04EC0-301F-11D3-BF4B-00C04F79EFBC}") = "Users.Domain", "Eve.Backend\Modules\Users\Users.Domain\Users.Domain.csproj", "{E5209027-EEB9-DD53-84DA-CF0D396CBD40}"
EndProject
Project("{FAE04EC0-301F-11D3-BF4B-00C04F79EFBC}") = "Users.Infrastructure", "Eve.Backend\Modules\Users\Users.Infrastructure\Users.Infrastructure.csproj", "{15ADC755-8070-9006-3C09-90C22B7E630B}"
EndProject
Project("{FAE04EC0-301F-11D3-BF4B-00C04F79EFBC}") = "Common.Shared", "Eve.Backend\Shared\Common.Shared\Common.Shared.csproj", "{BD28CA49-4E25-4B1F-AC6A-BA02AD351B0C}"
EndProject
Project("{2150E333-8FDC-42A3-9474-1A3956D46DE8}") = "Services", "Services", "{6457CDDB-E4A6-4B20-9B22-30E7D2227738}"
EndProject
Project("{FAE04EC0-301F-11D3-BF4B-00C04F79EFBC}") = "EmailService", "EmailService\EmailService.csproj", "{6F72929A-7C4A-4CB9-98BA-32A7C03B9AA1}"
EndProject
Global
	GlobalSection(SolutionConfigurationPlatforms) = preSolution
		Debug|Any CPU = Debug|Any CPU
		Release|Any CPU = Release|Any CPU
	EndGlobalSection
	GlobalSection(ProjectConfigurationPlatforms) = postSolution
		{B0259B3D-2C7C-41B4-B2AC-F6C9D903F82E}.Debug|Any CPU.ActiveCfg = Debug|Any CPU
		{B0259B3D-2C7C-41B4-B2AC-F6C9D903F82E}.Debug|Any CPU.Build.0 = Debug|Any CPU
		{B0259B3D-2C7C-41B4-B2AC-F6C9D903F82E}.Release|Any CPU.ActiveCfg = Release|Any CPU
		{B0259B3D-2C7C-41B4-B2AC-F6C9D903F82E}.Release|Any CPU.Build.0 = Release|Any CPU
		{DE7F9546-E957-4EF0-8950-6D3DC67FEE3F}.Debug|Any CPU.ActiveCfg = Debug|Any CPU
		{DE7F9546-E957-4EF0-8950-6D3DC67FEE3F}.Debug|Any CPU.Build.0 = Debug|Any CPU
		{DE7F9546-E957-4EF0-8950-6D3DC67FEE3F}.Release|Any CPU.ActiveCfg = Release|Any CPU
		{DE7F9546-E957-4EF0-8950-6D3DC67FEE3F}.Release|Any CPU.Build.0 = Release|Any CPU
		{273CE5F0-77FA-47A9-859B-5291039DEB95}.Debug|Any CPU.ActiveCfg = Debug|Any CPU
		{273CE5F0-77FA-47A9-859B-5291039DEB95}.Debug|Any CPU.Build.0 = Debug|Any CPU
		{273CE5F0-77FA-47A9-859B-5291039DEB95}.Release|Any CPU.ActiveCfg = Release|Any CPU
		{273CE5F0-77FA-47A9-859B-5291039DEB95}.Release|Any CPU.Build.0 = Release|Any CPU
		{23846DAE-8802-4848-95B7-3697655D4E6C}.Debug|Any CPU.ActiveCfg = Debug|Any CPU
		{23846DAE-8802-4848-95B7-3697655D4E6C}.Debug|Any CPU.Build.0 = Debug|Any CPU
		{23846DAE-8802-4848-95B7-3697655D4E6C}.Release|Any CPU.ActiveCfg = Release|Any CPU
		{23846DAE-8802-4848-95B7-3697655D4E6C}.Release|Any CPU.Build.0 = Release|Any CPU
		{9BC7B439-D55A-4235-9E5E-993CF2F53DA3}.Debug|Any CPU.ActiveCfg = Debug|Any CPU
		{9BC7B439-D55A-4235-9E5E-993CF2F53DA3}.Debug|Any CPU.Build.0 = Debug|Any CPU
		{9BC7B439-D55A-4235-9E5E-993CF2F53DA3}.Release|Any CPU.ActiveCfg = Release|Any CPU
		{9BC7B439-D55A-4235-9E5E-993CF2F53DA3}.Release|Any CPU.Build.0 = Release|Any CPU
		{5112DC9F-35CF-9A67-47C6-6B396DD6F7C8}.Debug|Any CPU.ActiveCfg = Debug|Any CPU
		{5112DC9F-35CF-9A67-47C6-6B396DD6F7C8}.Debug|Any CPU.Build.0 = Debug|Any CPU
		{5112DC9F-35CF-9A67-47C6-6B396DD6F7C8}.Release|Any CPU.ActiveCfg = Release|Any CPU
		{5112DC9F-35CF-9A67-47C6-6B396DD6F7C8}.Release|Any CPU.Build.0 = Release|Any CPU
		{4DD6F46D-9809-1D64-1246-F8E54F281DBC}.Debug|Any CPU.ActiveCfg = Debug|Any CPU
		{4DD6F46D-9809-1D64-1246-F8E54F281DBC}.Debug|Any CPU.Build.0 = Debug|Any CPU
		{4DD6F46D-9809-1D64-1246-F8E54F281DBC}.Release|Any CPU.ActiveCfg = Release|Any CPU
		{4DD6F46D-9809-1D64-1246-F8E54F281DBC}.Release|Any CPU.Build.0 = Release|Any CPU
		{E5209027-EEB9-DD53-84DA-CF0D396CBD40}.Debug|Any CPU.ActiveCfg = Debug|Any CPU
		{E5209027-EEB9-DD53-84DA-CF0D396CBD40}.Debug|Any CPU.Build.0 = Debug|Any CPU
		{E5209027-EEB9-DD53-84DA-CF0D396CBD40}.Release|Any CPU.ActiveCfg = Release|Any CPU
		{E5209027-EEB9-DD53-84DA-CF0D396CBD40}.Release|Any CPU.Build.0 = Release|Any CPU
		{15ADC755-8070-9006-3C09-90C22B7E630B}.Debug|Any CPU.ActiveCfg = Debug|Any CPU
		{15ADC755-8070-9006-3C09-90C22B7E630B}.Debug|Any CPU.Build.0 = Debug|Any CPU
		{15ADC755-8070-9006-3C09-90C22B7E630B}.Release|Any CPU.ActiveCfg = Release|Any CPU
		{15ADC755-8070-9006-3C09-90C22B7E630B}.Release|Any CPU.Build.0 = Release|Any CPU
		{BD28CA49-4E25-4B1F-AC6A-BA02AD351B0C}.Debug|Any CPU.ActiveCfg = Debug|Any CPU
		{BD28CA49-4E25-4B1F-AC6A-BA02AD351B0C}.Debug|Any CPU.Build.0 = Debug|Any CPU
		{BD28CA49-4E25-4B1F-AC6A-BA02AD351B0C}.Release|Any CPU.ActiveCfg = Release|Any CPU
		{BD28CA49-4E25-4B1F-AC6A-BA02AD351B0C}.Release|Any CPU.Build.0 = Release|Any CPU
		{6F72929A-7C4A-4CB9-98BA-32A7C03B9AA1}.Debug|Any CPU.ActiveCfg = Debug|Any CPU
		{6F72929A-7C4A-4CB9-98BA-32A7C03B9AA1}.Debug|Any CPU.Build.0 = Debug|Any CPU
		{6F72929A-7C4A-4CB9-98BA-32A7C03B9AA1}.Release|Any CPU.ActiveCfg = Release|Any CPU
		{6F72929A-7C4A-4CB9-98BA-32A7C03B9AA1}.Release|Any CPU.Build.0 = Release|Any CPU
	EndGlobalSection
	GlobalSection(SolutionProperties) = preSolution
		HideSolutionNode = FALSE
	EndGlobalSection
	GlobalSection(NestedProjects) = preSolution
		{B0259B3D-2C7C-41B4-B2AC-F6C9D903F82E} = {1A938D54-DDC9-493B-B41C-4F30C6472C19}
		{F73C69BC-AB92-4C53-A54C-EFBB21B02DDF} = {1A938D54-DDC9-493B-B41C-4F30C6472C19}
		{E90B23D6-1707-4DA9-8197-16F795F815C4} = {F73C69BC-AB92-4C53-A54C-EFBB21B02DDF}
		{3E863CAA-180F-4647-968F-649FBF3C3192} = {F73C69BC-AB92-4C53-A54C-EFBB21B02DDF}
		{DE7F9546-E957-4EF0-8950-6D3DC67FEE3F} = {3E863CAA-180F-4647-968F-649FBF3C3192}
		{273CE5F0-77FA-47A9-859B-5291039DEB95} = {3E863CAA-180F-4647-968F-649FBF3C3192}
		{23846DAE-8802-4848-95B7-3697655D4E6C} = {3E863CAA-180F-4647-968F-649FBF3C3192}
		{9BC7B439-D55A-4235-9E5E-993CF2F53DA3} = {3E863CAA-180F-4647-968F-649FBF3C3192}
		{6C4D419E-47B5-412D-9F27-8A06BB8D7491} = {1A938D54-DDC9-493B-B41C-4F30C6472C19}
		{5112DC9F-35CF-9A67-47C6-6B396DD6F7C8} = {E90B23D6-1707-4DA9-8197-16F795F815C4}
		{4DD6F46D-9809-1D64-1246-F8E54F281DBC} = {E90B23D6-1707-4DA9-8197-16F795F815C4}
		{E5209027-EEB9-DD53-84DA-CF0D396CBD40} = {E90B23D6-1707-4DA9-8197-16F795F815C4}
		{15ADC755-8070-9006-3C09-90C22B7E630B} = {E90B23D6-1707-4DA9-8197-16F795F815C4}
		{BD28CA49-4E25-4B1F-AC6A-BA02AD351B0C} = {6C4D419E-47B5-412D-9F27-8A06BB8D7491}
		{6457CDDB-E4A6-4B20-9B22-30E7D2227738} = {1A938D54-DDC9-493B-B41C-4F30C6472C19}
		{6F72929A-7C4A-4CB9-98BA-32A7C03B9AA1} = {6457CDDB-E4A6-4B20-9B22-30E7D2227738}
	EndGlobalSection
	GlobalSection(ExtensibilityGlobals) = postSolution
		SolutionGuid = {22659522-F222-4D38-9121-B6BD40C13770}
	EndGlobalSection
EndGlobal
